// !$*UTF8*$!
{
	archiveVersion = 1;
	classes = {
	};
	objectVersion = 55;
	objects = {

/* Begin PBXBuildFile section */
		5E6F1AA128132A8300DE2952 /* AppDelegate.swift in Sources */ = {isa = PBXBuildFile; fileRef = 5E6F1AA028132A8300DE2952 /* AppDelegate.swift */; };
		5E6F1AA328132A8300DE2952 /* ViewController.swift in Sources */ = {isa = PBXBuildFile; fileRef = 5E6F1AA228132A8300DE2952 /* ViewController.swift */; };
		5E6F1AA528132A8400DE2952 /* Assets.xcassets in Resources */ = {isa = PBXBuildFile; fileRef = 5E6F1AA428132A8400DE2952 /* Assets.xcassets */; };
		5E6F1AA828132A8400DE2952 /* Main.storyboard in Resources */ = {isa = PBXBuildFile; fileRef = 5E6F1AA628132A8400DE2952 /* Main.storyboard */; };
		5E6F1AB328132A8400DE2952 /* Sesion3_GITTests.swift in Sources */ = {isa = PBXBuildFile; fileRef = 5E6F1AB228132A8400DE2952 /* Sesion3_GITTests.swift */; };
		5E6F1ABD28132A8500DE2952 /* Sesion3_GITUITests.swift in Sources */ = {isa = PBXBuildFile; fileRef = 5E6F1ABC28132A8500DE2952 /* Sesion3_GITUITests.swift */; };
		5E6F1ABF28132A8500DE2952 /* Sesion3_GITUITestsLaunchTests.swift in Sources */ = {isa = PBXBuildFile; fileRef = 5E6F1ABE28132A8500DE2952 /* Sesion3_GITUITestsLaunchTests.swift */; };
/* End PBXBuildFile section */

/* Begin PBXContainerItemProxy section */
		5E6F1AAF28132A8400DE2952 /* PBXContainerItemProxy */ = {
			isa = PBXContainerItemProxy;
			containerPortal = 5E6F1A9528132A8300DE2952 /* Project object */;
			proxyType = 1;
			remoteGlobalIDString = 5E6F1A9C28132A8300DE2952;
			remoteInfo = "Sesion3-GIT";
		};
		5E6F1AB928132A8500DE2952 /* PBXContainerItemProxy */ = {
			isa = PBXContainerItemProxy;
			containerPortal = 5E6F1A9528132A8300DE2952 /* Project object */;
			proxyType = 1;
			remoteGlobalIDString = 5E6F1A9C28132A8300DE2952;
			remoteInfo = "Sesion3-GIT";
		};
/* End PBXContainerItemProxy section */

/* Begin PBXFileReference section */
		5E6F1A9D28132A8300DE2952 /* Sesion3-GIT.app */ = {isa = PBXFileReference; explicitFileType = wrapper.application; includeInIndex = 0; path = "Sesion3-GIT.app"; sourceTree = BUILT_PRODUCTS_DIR; };
		5E6F1AA028132A8300DE2952 /* AppDelegate.swift */ = {isa = PBXFileReference; lastKnownFileType = sourcecode.swift; path = AppDelegate.swift; sourceTree = "<group>"; };
		5E6F1AA228132A8300DE2952 /* ViewController.swift */ = {isa = PBXFileReference; lastKnownFileType = sourcecode.swift; path = ViewController.swift; sourceTree = "<group>"; };
		5E6F1AA428132A8400DE2952 /* Assets.xcassets */ = {isa = PBXFileReference; lastKnownFileType = folder.assetcatalog; path = Assets.xcassets; sourceTree = "<group>"; };
		5E6F1AA728132A8400DE2952 /* Base */ = {isa = PBXFileReference; lastKnownFileType = file.storyboard; name = Base; path = Base.lproj/Main.storyboard; sourceTree = "<group>"; };
		5E6F1AA928132A8400DE2952 /* Sesion3_GIT.entitlements */ = {isa = PBXFileReference; lastKnownFileType = text.plist.entitlements; path = Sesion3_GIT.entitlements; sourceTree = "<group>"; };
		5E6F1AAE28132A8400DE2952 /* Sesion3-GITTests.xctest */ = {isa = PBXFileReference; explicitFileType = wrapper.cfbundle; includeInIndex = 0; path = "Sesion3-GITTests.xctest"; sourceTree = BUILT_PRODUCTS_DIR; };
		5E6F1AB228132A8400DE2952 /* Sesion3_GITTests.swift */ = {isa = PBXFileReference; lastKnownFileType = sourcecode.swift; path = Sesion3_GITTests.swift; sourceTree = "<group>"; };
		5E6F1AB828132A8500DE2952 /* Sesion3-GITUITests.xctest */ = {isa = PBXFileReference; explicitFileType = wrapper.cfbundle; includeInIndex = 0; path = "Sesion3-GITUITests.xctest"; sourceTree = BUILT_PRODUCTS_DIR; };
		5E6F1ABC28132A8500DE2952 /* Sesion3_GITUITests.swift */ = {isa = PBXFileReference; lastKnownFileType = sourcecode.swift; path = Sesion3_GITUITests.swift; sourceTree = "<group>"; };
		5E6F1ABE28132A8500DE2952 /* Sesion3_GITUITestsLaunchTests.swift */ = {isa = PBXFileReference; lastKnownFileType = sourcecode.swift; path = Sesion3_GITUITestsLaunchTests.swift; sourceTree = "<group>"; };
/* End PBXFileReference section */

/* Begin PBXFrameworksBuildPhase section */
		5E6F1A9A28132A8300DE2952 /* Frameworks */ = {
			isa = PBXFrameworksBuildPhase;
			buildActionMask = 2147483647;
			files = (
			);
			runOnlyForDeploymentPostprocessing = 0;
		};
		5E6F1AAB28132A8400DE2952 /* Frameworks */ = {
			isa = PBXFrameworksBuildPhase;
			buildActionMask = 2147483647;
			files = (
			);
			runOnlyForDeploymentPostprocessing = 0;
		};
		5E6F1AB528132A8500DE2952 /* Frameworks */ = {
			isa = PBXFrameworksBuildPhase;
			buildActionMask = 2147483647;
			files = (
			);
			runOnlyForDeploymentPostprocessing = 0;
		};
/* End PBXFrameworksBuildPhase section */

/* Begin PBXGroup section */
		5E6F1A9428132A8300DE2952 = {
			isa = PBXGroup;
			children = (
				5E6F1A9F28132A8300DE2952 /* Sesion3-GIT */,
				5E6F1AB128132A8400DE2952 /* Sesion3-GITTests */,
				5E6F1ABB28132A8500DE2952 /* Sesion3-GITUITests */,
				5E6F1A9E28132A8300DE2952 /* Products */,
			);
			sourceTree = "<group>";
		};
		5E6F1A9E28132A8300DE2952 /* Products */ = {
			isa = PBXGroup;
			children = (
				5E6F1A9D28132A8300DE2952 /* Sesion3-GIT.app */,
				5E6F1AAE28132A8400DE2952 /* Sesion3-GITTests.xctest */,
				5E6F1AB828132A8500DE2952 /* Sesion3-GITUITests.xctest */,
			);
			name = Products;
			sourceTree = "<group>";
		};
		5E6F1A9F28132A8300DE2952 /* Sesion3-GIT */ = {
			isa = PBXGroup;
			children = (
				5E6F1AA028132A8300DE2952 /* AppDelegate.swift */,
				5E6F1AA228132A8300DE2952 /* ViewController.swift */,
				5E6F1AA428132A8400DE2952 /* Assets.xcassets */,
				5E6F1AA628132A8400DE2952 /* Main.storyboard */,
				5E6F1AA928132A8400DE2952 /* Sesion3_GIT.entitlements */,
			);
			path = "Sesion3-GIT";
			sourceTree = "<group>";
		};
		5E6F1AB128132A8400DE2952 /* Sesion3-GITTests */ = {
			isa = PBXGroup;
			children = (
				5E6F1AB228132A8400DE2952 /* Sesion3_GITTests.swift */,
			);
			path = "Sesion3-GITTests";
			sourceTree = "<group>";
		};
		5E6F1ABB28132A8500DE2952 /* Sesion3-GITUITests */ = {
			isa = PBXGroup;
			children = (
				5E6F1ABC28132A8500DE2952 /* Sesion3_GITUITests.swift */,
				5E6F1ABE28132A8500DE2952 /* Sesion3_GITUITestsLaunchTests.swift */,
			);
			path = "Sesion3-GITUITests";
			sourceTree = "<group>";
		};
/* End PBXGroup section */

/* Begin PBXNativeTarget section */
		5E6F1A9C28132A8300DE2952 /* Sesion3-GIT */ = {
			isa = PBXNativeTarget;
			buildConfigurationList = 5E6F1AC228132A8500DE2952 /* Build configuration list for PBXNativeTarget "Sesion3-GIT" */;
			buildPhases = (
				5E6F1A9928132A8300DE2952 /* Sources */,
				5E6F1A9A28132A8300DE2952 /* Frameworks */,
				5E6F1A9B28132A8300DE2952 /* Resources */,
			);
			buildRules = (
			);
			dependencies = (
			);
			name = "Sesion3-GIT";
			productName = "Sesion3-GIT";
			productReference = 5E6F1A9D28132A8300DE2952 /* Sesion3-GIT.app */;
			productType = "com.apple.product-type.application";
		};
		5E6F1AAD28132A8400DE2952 /* Sesion3-GITTests */ = {
			isa = PBXNativeTarget;
			buildConfigurationList = 5E6F1AC528132A8500DE2952 /* Build configuration list for PBXNativeTarget "Sesion3-GITTests" */;
			buildPhases = (
				5E6F1AAA28132A8400DE2952 /* Sources */,
				5E6F1AAB28132A8400DE2952 /* Frameworks */,
				5E6F1AAC28132A8400DE2952 /* Resources */,
			);
			buildRules = (
			);
			dependencies = (
				5E6F1AB028132A8400DE2952 /* PBXTargetDependency */,
			);
			name = "Sesion3-GITTests";
			productName = "Sesion3-GITTests";
			productReference = 5E6F1AAE28132A8400DE2952 /* Sesion3-GITTests.xctest */;
			productType = "com.apple.product-type.bundle.unit-test";
		};
		5E6F1AB728132A8500DE2952 /* Sesion3-GITUITests */ = {
			isa = PBXNativeTarget;
			buildConfigurationList = 5E6F1AC828132A8500DE2952 /* Build configuration list for PBXNativeTarget "Sesion3-GITUITests" */;
			buildPhases = (
				5E6F1AB428132A8500DE2952 /* Sources */,
				5E6F1AB528132A8500DE2952 /* Frameworks */,
				5E6F1AB628132A8500DE2952 /* Resources */,
			);
			buildRules = (
			);
			dependencies = (
				5E6F1ABA28132A8500DE2952 /* PBXTargetDependency */,
			);
			name = "Sesion3-GITUITests";
			productName = "Sesion3-GITUITests";
			productReference = 5E6F1AB828132A8500DE2952 /* Sesion3-GITUITests.xctest */;
			productType = "com.apple.product-type.bundle.ui-testing";
		};
/* End PBXNativeTarget section */

/* Begin PBXProject section */
		5E6F1A9528132A8300DE2952 /* Project object */ = {
			isa = PBXProject;
			attributes = {
				BuildIndependentTargetsInParallel = 1;
				LastSwiftUpdateCheck = 1330;
				LastUpgradeCheck = 1330;
				TargetAttributes = {
					5E6F1A9C28132A8300DE2952 = {
						CreatedOnToolsVersion = 13.3.1;
					};
					5E6F1AAD28132A8400DE2952 = {
						CreatedOnToolsVersion = 13.3.1;
						TestTargetID = 5E6F1A9C28132A8300DE2952;
					};
					5E6F1AB728132A8500DE2952 = {
						CreatedOnToolsVersion = 13.3.1;
						TestTargetID = 5E6F1A9C28132A8300DE2952;
					};
				};
			};
			buildConfigurationList = 5E6F1A9828132A8300DE2952 /* Build configuration list for PBXProject "Sesion3-GIT" */;
			compatibilityVersion = "Xcode 13.0";
			developmentRegion = en;
			hasScannedForEncodings = 0;
			knownRegions = (
				en,
				Base,
			);
			mainGroup = 5E6F1A9428132A8300DE2952;
			productRefGroup = 5E6F1A9E28132A8300DE2952 /* Products */;
			projectDirPath = "";
			projectRoot = "";
			targets = (
				5E6F1A9C28132A8300DE2952 /* Sesion3-GIT */,
				5E6F1AAD28132A8400DE2952 /* Sesion3-GITTests */,
				5E6F1AB728132A8500DE2952 /* Sesion3-GITUITests */,
			);
		};
/* End PBXProject section */

/* Begin PBXResourcesBuildPhase section */
		5E6F1A9B28132A8300DE2952 /* Resources */ = {
			isa = PBXResourcesBuildPhase;
			buildActionMask = 2147483647;
			files = (
				5E6F1AA528132A8400DE2952 /* Assets.xcassets in Resources */,
				5E6F1AA828132A8400DE2952 /* Main.storyboard in Resources */,
			);
			runOnlyForDeploymentPostprocessing = 0;
		};
		5E6F1AAC28132A8400DE2952 /* Resources */ = {
			isa = PBXResourcesBuildPhase;
			buildActionMask = 2147483647;
			files = (
			);
			runOnlyForDeploymentPostprocessing = 0;
		};
		5E6F1AB628132A8500DE2952 /* Resources */ = {
			isa = PBXResourcesBuildPhase;
			buildActionMask = 2147483647;
			files = (
			);
			runOnlyForDeploymentPostprocessing = 0;
		};
/* End PBXResourcesBuildPhase section */

/* Begin PBXSourcesBuildPhase section */
		5E6F1A9928132A8300DE2952 /* Sources */ = {
			isa = PBXSourcesBuildPhase;
			buildActionMask = 2147483647;
			files = (
				5E6F1AA328132A8300DE2952 /* ViewController.swift in Sources */,
				5E6F1AA128132A8300DE2952 /* AppDelegate.swift in Sources */,
			);
			runOnlyForDeploymentPostprocessing = 0;
		};
		5E6F1AAA28132A8400DE2952 /* Sources */ = {
			isa = PBXSourcesBuildPhase;
			buildActionMask = 2147483647;
			files = (
				5E6F1AB328132A8400DE2952 /* Sesion3_GITTests.swift in Sources */,
			);
			runOnlyForDeploymentPostprocessing = 0;
		};
		5E6F1AB428132A8500DE2952 /* Sources */ = {
			isa = PBXSourcesBuildPhase;
			buildActionMask = 2147483647;
			files = (
				5E6F1ABF28132A8500DE2952 /* Sesion3_GITUITestsLaunchTests.swift in Sources */,
				5E6F1ABD28132A8500DE2952 /* Sesion3_GITUITests.swift in Sources */,
			);
			runOnlyForDeploymentPostprocessing = 0;
		};
/* End PBXSourcesBuildPhase section */

/* Begin PBXTargetDependency section */
		5E6F1AB028132A8400DE2952 /* PBXTargetDependency */ = {
			isa = PBXTargetDependency;
			target = 5E6F1A9C28132A8300DE2952 /* Sesion3-GIT */;
			targetProxy = 5E6F1AAF28132A8400DE2952 /* PBXContainerItemProxy */;
		};
		5E6F1ABA28132A8500DE2952 /* PBXTargetDependency */ = {
			isa = PBXTargetDependency;
			target = 5E6F1A9C28132A8300DE2952 /* Sesion3-GIT */;
			targetProxy = 5E6F1AB928132A8500DE2952 /* PBXContainerItemProxy */;
		};
/* End PBXTargetDependency section */

/* Begin PBXVariantGroup section */
		5E6F1AA628132A8400DE2952 /* Main.storyboard */ = {
			isa = PBXVariantGroup;
			children = (
				5E6F1AA728132A8400DE2952 /* Base */,
			);
			name = Main.storyboard;
			sourceTree = "<group>";
		};
/* End PBXVariantGroup section */

/* Begin XCBuildConfiguration section */
		5E6F1AC028132A8500DE2952 /* Debug */ = {
			isa = XCBuildConfiguration;
			buildSettings = {
				ALWAYS_SEARCH_USER_PATHS = NO;
				CLANG_ANALYZER_NONNULL = YES;
				CLANG_ANALYZER_NUMBER_OBJECT_CONVERSION = YES_AGGRESSIVE;
				CLANG_CXX_LANGUAGE_STANDARD = "gnu++17";
				CLANG_ENABLE_MODULES = YES;
				CLANG_ENABLE_OBJC_ARC = YES;
				CLANG_ENABLE_OBJC_WEAK = YES;
				CLANG_WARN_BLOCK_CAPTURE_AUTORELEASING = YES;
				CLANG_WARN_BOOL_CONVERSION = YES;
				CLANG_WARN_COMMA = YES;
				CLANG_WARN_CONSTANT_CONVERSION = YES;
				CLANG_WARN_DEPRECATED_OBJC_IMPLEMENTATIONS = YES;
				CLANG_WARN_DIRECT_OBJC_ISA_USAGE = YES_ERROR;
				CLANG_WARN_DOCUMENTATION_COMMENTS = YES;
				CLANG_WARN_EMPTY_BODY = YES;
				CLANG_WARN_ENUM_CONVERSION = YES;
				CLANG_WARN_INFINITE_RECURSION = YES;
				CLANG_WARN_INT_CONVERSION = YES;
				CLANG_WARN_NON_LITERAL_NULL_CONVERSION = YES;
				CLANG_WARN_OBJC_IMPLICIT_RETAIN_SELF = YES;
				CLANG_WARN_OBJC_LITERAL_CONVERSION = YES;
				CLANG_WARN_OBJC_ROOT_CLASS = YES_ERROR;
				CLANG_WARN_QUOTED_INCLUDE_IN_FRAMEWORK_HEADER = YES;
				CLANG_WARN_RANGE_LOOP_ANALYSIS = YES;
				CLANG_WARN_STRICT_PROTOTYPES = YES;
				CLANG_WARN_SUSPICIOUS_MOVE = YES;
				CLANG_WARN_UNGUARDED_AVAILABILITY = YES_AGGRESSIVE;
				CLANG_WARN_UNREACHABLE_CODE = YES;
				CLANG_WARN__DUPLICATE_METHOD_MATCH = YES;
				COPY_PHASE_STRIP = NO;
				DEBUG_INFORMATION_FORMAT = dwarf;
				ENABLE_STRICT_OBJC_MSGSEND = YES;
				ENABLE_TESTABILITY = YES;
				GCC_C_LANGUAGE_STANDARD = gnu11;
				GCC_DYNAMIC_NO_PIC = NO;
				GCC_NO_COMMON_BLOCKS = YES;
				GCC_OPTIMIZATION_LEVEL = 0;
				GCC_PREPROCESSOR_DEFINITIONS = (
					"DEBUG=1",
					"$(inherited)",
				);
				GCC_WARN_64_TO_32_BIT_CONVERSION = YES;
				GCC_WARN_ABOUT_RETURN_TYPE = YES_ERROR;
				GCC_WARN_UNDECLARED_SELECTOR = YES;
				GCC_WARN_UNINITIALIZED_AUTOS = YES_AGGRESSIVE;
				GCC_WARN_UNUSED_FUNCTION = YES;
				GCC_WARN_UNUSED_VARIABLE = YES;
				MACOSX_DEPLOYMENT_TARGET = 12.3;
				MTL_ENABLE_DEBUG_INFO = INCLUDE_SOURCE;
				MTL_FAST_MATH = YES;
				ONLY_ACTIVE_ARCH = YES;
				SDKROOT = macosx;
				SWIFT_ACTIVE_COMPILATION_CONDITIONS = DEBUG;
				SWIFT_OPTIMIZATION_LEVEL = "-Onone";
			};
			name = Debug;
		};
		5E6F1AC128132A8500DE2952 /* Release */ = {
			isa = XCBuildConfiguration;
			buildSettings = {
				ALWAYS_SEARCH_USER_PATHS = NO;
				CLANG_ANALYZER_NONNULL = YES;
				CLANG_ANALYZER_NUMBER_OBJECT_CONVERSION = YES_AGGRESSIVE;
				CLANG_CXX_LANGUAGE_STANDARD = "gnu++17";
				CLANG_ENABLE_MODULES = YES;
				CLANG_ENABLE_OBJC_ARC = YES;
				CLANG_ENABLE_OBJC_WEAK = YES;
				CLANG_WARN_BLOCK_CAPTURE_AUTORELEASING = YES;
				CLANG_WARN_BOOL_CONVERSION = YES;
				CLANG_WARN_COMMA = YES;
				CLANG_WARN_CONSTANT_CONVERSION = YES;
				CLANG_WARN_DEPRECATED_OBJC_IMPLEMENTATIONS = YES;
				CLANG_WARN_DIRECT_OBJC_ISA_USAGE = YES_ERROR;
				CLANG_WARN_DOCUMENTATION_COMMENTS = YES;
				CLANG_WARN_EMPTY_BODY = YES;
				CLANG_WARN_ENUM_CONVERSION = YES;
				CLANG_WARN_INFINITE_RECURSION = YES;
				CLANG_WARN_INT_CONVERSION = YES;
				CLANG_WARN_NON_LITERAL_NULL_CONVERSION = YES;
				CLANG_WARN_OBJC_IMPLICIT_RETAIN_SELF = YES;
				CLANG_WARN_OBJC_LITERAL_CONVERSION = YES;
				CLANG_WARN_OBJC_ROOT_CLASS = YES_ERROR;
				CLANG_WARN_QUOTED_INCLUDE_IN_FRAMEWORK_HEADER = YES;
				CLANG_WARN_RANGE_LOOP_ANALYSIS = YES;
				CLANG_WARN_STRICT_PROTOTYPES = YES;
				CLANG_WARN_SUSPICIOUS_MOVE = YES;
				CLANG_WARN_UNGUARDED_AVAILABILITY = YES_AGGRESSIVE;
				CLANG_WARN_UNREACHABLE_CODE = YES;
				CLANG_WARN__DUPLICATE_METHOD_MATCH = YES;
				COPY_PHASE_STRIP = NO;
				DEBUG_INFORMATION_FORMAT = "dwarf-with-dsym";
				ENABLE_NS_ASSERTIONS = NO;
				ENABLE_STRICT_OBJC_MSGSEND = YES;
				GCC_C_LANGUAGE_STANDARD = gnu11;
				GCC_NO_COMMON_BLOCKS = YES;
				GCC_WARN_64_TO_32_BIT_CONVERSION = YES;
				GCC_WARN_ABOUT_RETURN_TYPE = YES_ERROR;
				GCC_WARN_UNDECLARED_SELECTOR = YES;
				GCC_WARN_UNINITIALIZED_AUTOS = YES_AGGRESSIVE;
				GCC_WARN_UNUSED_FUNCTION = YES;
				GCC_WARN_UNUSED_VARIABLE = YES;
				MACOSX_DEPLOYMENT_TARGET = 12.3;
				MTL_ENABLE_DEBUG_INFO = NO;
				MTL_FAST_MATH = YES;
				SDKROOT = macosx;
				SWIFT_COMPILATION_MODE = wholemodule;
				SWIFT_OPTIMIZATION_LEVEL = "-O";
			};
			name = Release;
		};
		5E6F1AC328132A8500DE2952 /* Debug */ = {
			isa = XCBuildConfiguration;
			buildSettings = {
				ASSETCATALOG_COMPILER_APPICON_NAME = AppIcon;
				ASSETCATALOG_COMPILER_GLOBAL_ACCENT_COLOR_NAME = AccentColor;
				CODE_SIGN_ENTITLEMENTS = "Sesion3-GIT/Sesion3_GIT.entitlements";
				CODE_SIGN_STYLE = Automatic;
				COMBINE_HIDPI_IMAGES = YES;
				CURRENT_PROJECT_VERSION = 1;
				GENERATE_INFOPLIST_FILE = YES;
				INFOPLIST_KEY_NSHumanReadableCopyright = "";
				INFOPLIST_KEY_NSMainStoryboardFile = Main;
				INFOPLIST_KEY_NSPrincipalClass = NSApplication;
				LD_RUNPATH_SEARCH_PATHS = (
					"$(inherited)",
					"@executable_path/../Frameworks",
				);
				MARKETING_VERSION = 1.0;
				PRODUCT_BUNDLE_IDENTIFIER = "com.gf.Sesion3-GIT";
				PRODUCT_NAME = "$(TARGET_NAME)";
				SWIFT_EMIT_LOC_STRINGS = YES;
				SWIFT_VERSION = 5.0;
			};
			name = Debug;
		};
		5E6F1AC428132A8500DE2952 /* Release */ = {
			isa = XCBuildConfiguration;
			buildSettings = {
				ASSETCATALOG_COMPILER_APPICON_NAME = AppIcon;
				ASSETCATALOG_COMPILER_GLOBAL_ACCENT_COLOR_NAME = AccentColor;
				CODE_SIGN_ENTITLEMENTS = "Sesion3-GIT/Sesion3_GIT.entitlements";
				CODE_SIGN_STYLE = Automatic;
				COMBINE_HIDPI_IMAGES = YES;
				CURRENT_PROJECT_VERSION = 1;
				GENERATE_INFOPLIST_FILE = YES;
				INFOPLIST_KEY_NSHumanReadableCopyright = "";
				INFOPLIST_KEY_NSMainStoryboardFile = Main;
				INFOPLIST_KEY_NSPrincipalClass = NSApplication;
				LD_RUNPATH_SEARCH_PATHS = (
					"$(inherited)",
					"@executable_path/../Frameworks",
				);
				MARKETING_VERSION = 1.0;
				PRODUCT_BUNDLE_IDENTIFIER = "com.gf.Sesion3-GIT";
				PRODUCT_NAME = "$(TARGET_NAME)";
				SWIFT_EMIT_LOC_STRINGS = YES;
				SWIFT_VERSION = 5.0;
			};
			name = Release;
		};
		5E6F1AC628132A8500DE2952 /* Debug */ = {
			isa = XCBuildConfiguration;
			buildSettings = {
				ALWAYS_EMBED_SWIFT_STANDARD_LIBRARIES = YES;
				BUNDLE_LOADER = "$(TEST_HOST)";
				CODE_SIGN_STYLE = Automatic;
				CURRENT_PROJECT_VERSION = 1;
				GENERATE_INFOPLIST_FILE = YES;
				MACOSX_DEPLOYMENT_TARGET = 12.3;
				MARKETING_VERSION = 1.0;
				PRODUCT_BUNDLE_IDENTIFIER = "com.gf.Sesion3-GITTests";
				PRODUCT_NAME = "$(TARGET_NAME)";
				SWIFT_EMIT_LOC_STRINGS = NO;
				SWIFT_VERSION = 5.0;
				TEST_HOST = "$(BUILT_PRODUCTS_DIR)/Sesion3-GIT.app/Contents/MacOS/Sesion3-GIT";
			};
			name = Debug;
		};
		5E6F1AC728132A8500DE2952 /* Release */ = {
			isa = XCBuildConfiguration;
			buildSettings = {
				ALWAYS_EMBED_SWIFT_STANDARD_LIBRARIES = YES;
				BUNDLE_LOADER = "$(TEST_HOST)";
				CODE_SIGN_STYLE = Automatic;
				CURRENT_PROJECT_VERSION = 1;
				GENERATE_INFOPLIST_FILE = YES;
				MACOSX_DEPLOYMENT_TARGET = 12.3;
				MARKETING_VERSION = 1.0;
				PRODUCT_BUNDLE_IDENTIFIER = "com.gf.Sesion3-GITTests";
				PRODUCT_NAME = "$(TARGET_NAME)";
				SWIFT_EMIT_LOC_STRINGS = NO;
				SWIFT_VERSION = 5.0;
				TEST_HOST = "$(BUILT_PRODUCTS_DIR)/Sesion3-GIT.app/Contents/MacOS/Sesion3-GIT";
			};
			name = Release;
		};
		5E6F1AC928132A8500DE2952 /* Debug */ = {
			isa = XCBuildConfiguration;
			buildSettings = {
				ALWAYS_EMBED_SWIFT_STANDARD_LIBRARIES = YES;
				CODE_SIGN_STYLE = Automatic;
				CURRENT_PROJECT_VERSION = 1;
				GENERATE_INFOPLIST_FILE = YES;
				MARKETING_VERSION = 1.0;
				PRODUCT_BUNDLE_IDENTIFIER = "com.gf.Sesion3-GITUITests";
				PRODUCT_NAME = "$(TARGET_NAME)";
				SWIFT_EMIT_LOC_STRINGS = NO;
				SWIFT_VERSION = 5.0;
				TEST_TARGET_NAME = "Sesion3-GIT";
			};
			name = Debug;
		};
		5E6F1ACA28132A8500DE2952 /* Release */ = {
			isa = XCBuildConfiguration;
			buildSettings = {
				ALWAYS_EMBED_SWIFT_STANDARD_LIBRARIES = YES;
				CODE_SIGN_STYLE = Automatic;
				CURRENT_PROJECT_VERSION = 1;
				GENERATE_INFOPLIST_FILE = YES;
				MARKETING_VERSION = 1.0;
				PRODUCT_BUNDLE_IDENTIFIER = "com.gf.Sesion3-GITUITests";
				PRODUCT_NAME = "$(TARGET_NAME)";
				SWIFT_EMIT_LOC_STRINGS = NO;
				SWIFT_VERSION = 5.0;
				TEST_TARGET_NAME = "Sesion3-GIT";
			};
			name = Release;
		};
/* End XCBuildConfiguration section */

/* Begin XCConfigurationList section */
		5E6F1A9828132A8300DE2952 /* Build configuration list for PBXProject "Sesion3-GIT" */ = {
			isa = XCConfigurationList;
			buildConfigurations = (
				5E6F1AC028132A8500DE2952 /* Debug */,
				5E6F1AC128132A8500DE2952 /* Release */,
			);
			defaultConfigurationIsVisible = 0;
			defaultConfigurationName = Release;
		};
		5E6F1AC228132A8500DE2952 /* Build configuration list for PBXNativeTarget "Sesion3-GIT" */ = {
			isa = XCConfigurationList;
			buildConfigurations = (
				5E6F1AC328132A8500DE2952 /* Debug */,
				5E6F1AC428132A8500DE2952 /* Release */,
			);
			defaultConfigurationIsVisible = 0;
			defaultConfigurationName = Release;
		};
		5E6F1AC528132A8500DE2952 /* Build configuration list for PBXNativeTarget "Sesion3-GITTests" */ = {
			isa = XCConfigurationList;
			buildConfigurations = (
				5E6F1AC628132A8500DE2952 /* Debug */,
				5E6F1AC728132A8500DE2952 /* Release */,
			);
			defaultConfigurationIsVisible = 0;
			defaultConfigurationName = Release;
		};
		5E6F1AC828132A8500DE2952 /* Build configuration list for PBXNativeTarget "Sesion3-GITUITests" */ = {
			isa = XCConfigurationList;
			buildConfigurations = (
				5E6F1AC928132A8500DE2952 /* Debug */,
				5E6F1ACA28132A8500DE2952 /* Release */,
			);
			defaultConfigurationIsVisible = 0;
			defaultConfigurationName = Release;
		};
/* End XCConfigurationList section */
	};
	rootObject = 5E6F1A9528132A8300DE2952 /* Project object */;
}
